
Microsoft Visual Studio Solution File, Format Version 12.00
# Visual Studio 2012
Project("{FAE04EC0-301F-11D3-BF4B-00C04F79EFBC}") = "Caesarova-sifra", "Caesarova-sifra\Caesarova-sifra.csproj", "{FFE829A6-2D0A-4F1F-9718-7C66034EA11F}"
EndProject
Global
	GlobalSection(SolutionConfigurationPlatforms) = preSolution
		Debug|x86 = Debug|x86
		Release|x86 = Release|x86
	EndGlobalSection
	GlobalSection(ProjectConfigurationPlatforms) = postSolution
		{FFE829A6-2D0A-4F1F-9718-7C66034EA11F}.Debug|x86.ActiveCfg = Debug|x86
		{FFE829A6-2D0A-4F1F-9718-7C66034EA11F}.Debug|x86.Build.0 = Debug|x86
		{FFE829A6-2D0A-4F1F-9718-7C66034EA11F}.Release|x86.ActiveCfg = Release|x86
		{FFE829A6-2D0A-4F1F-9718-7C66034EA11F}.Release|x86.Build.0 = Release|x86
	EndGlobalSection
EndGlobal
